
Microsoft Visual Studio Solution File, Format Version 12.00
# Visual Studio 14
VisualStudioVersion = 14.0.25123.0
MinimumVisualStudioVersion = 10.0.40219.1
Project("{FAE04EC0-301F-11D3-BF4B-00C04F79EFBC}") = "1075", "1075\1075.csproj", "{B29D5C23-12E8-49F7-BAF3-1DF372D570C0}"
EndProject
Global
	GlobalSection(SolutionConfigurationPlatforms) = preSolution
		Debug|Any CPU = Debug|Any CPU
		Release|Any CPU = Release|Any CPU
	EndGlobalSection
	GlobalSection(ProjectConfigurationPlatforms) = postSolution
		{B29D5C23-12E8-49F7-BAF3-1DF372D570C0}.Debug|Any CPU.ActiveCfg = Debug|Any CPU
		{B29D5C23-12E8-49F7-BAF3-1DF372D570C0}.Debug|Any CPU.Build.0 = Debug|Any CPU
		{B29D5C23-12E8-49F7-BAF3-1DF372D570C0}.Release|Any CPU.ActiveCfg = Release|Any CPU
		{B29D5C23-12E8-49F7-BAF3-1DF372D570C0}.Release|Any CPU.Build.0 = Release|Any CPU
	EndGlobalSection
	GlobalSection(SolutionProperties) = preSolution
		HideSolutionNode = FALSE
	EndGlobalSection
EndGlobal
