
Microsoft Visual Studio Solution File, Format Version 12.00
# Visual Studio 14
VisualStudioVersion = 14.0.25123.0
MinimumVisualStudioVersion = 10.0.40219.1
Project("{FAE04EC0-301F-11D3-BF4B-00C04F79EFBC}") = "1046", "1046\1046.csproj", "{5C195370-665A-4527-8790-8276E50BB172}"
EndProject
Global
	GlobalSection(SolutionConfigurationPlatforms) = preSolution
		Debug|Any CPU = Debug|Any CPU
		Release|Any CPU = Release|Any CPU
	EndGlobalSection
	GlobalSection(ProjectConfigurationPlatforms) = postSolution
		{5C195370-665A-4527-8790-8276E50BB172}.Debug|Any CPU.ActiveCfg = Debug|Any CPU
		{5C195370-665A-4527-8790-8276E50BB172}.Debug|Any CPU.Build.0 = Debug|Any CPU
		{5C195370-665A-4527-8790-8276E50BB172}.Release|Any CPU.ActiveCfg = Release|Any CPU
		{5C195370-665A-4527-8790-8276E50BB172}.Release|Any CPU.Build.0 = Release|Any CPU
	EndGlobalSection
	GlobalSection(SolutionProperties) = preSolution
		HideSolutionNode = FALSE
	EndGlobalSection
EndGlobal
